
Microsoft Visual Studio Solution File, Format Version 12.00
Project("{FAE04EC0-301F-11D3-BF4B-00C04F79EFBC}") = "SubscriptionsPlatform.Application", "Src\SubscriptionsPlatform.Application\SubscriptionsPlatform.Application.csproj", "{F96ABC5F-3C9D-4130-8D66-64943C32D80F}"
EndProject
Project("{FAE04EC0-301F-11D3-BF4B-00C04F79EFBC}") = "SubscriptionsPlatform.Domain", "Src\SubscriptionsPlatform.Domain\SubscriptionsPlatform.Domain.csproj", "{69CC8DBF-13CB-42F0-AB2C-50F9AFDD064B}"
EndProject
Project("{FAE04EC0-301F-11D3-BF4B-00C04F79EFBC}") = "SubscriptionsPlatform.API", "Src\SubscriptionsPlatform.API\SubscriptionsPlatform.API.csproj", "{1545A7F7-843C-4004-92E6-93FE7BD9DFE3}"
EndProject
Project("{FAE04EC0-301F-11D3-BF4B-00C04F79EFBC}") = "SubscriptionsPlatform.Infra", "Src\SubscriptionsPlatform.Infra\SubscriptionsPlatform.Infra.csproj", "{42988E20-90F5-4B1F-B837-9242676FA60B}"
EndProject
Global
	GlobalSection(SolutionConfigurationPlatforms) = preSolution
		Debug|Any CPU = Debug|Any CPU
		Release|Any CPU = Release|Any CPU
	EndGlobalSection
	GlobalSection(ProjectConfigurationPlatforms) = postSolution
		{F96ABC5F-3C9D-4130-8D66-64943C32D80F}.Debug|Any CPU.ActiveCfg = Debug|Any CPU
		{F96ABC5F-3C9D-4130-8D66-64943C32D80F}.Debug|Any CPU.Build.0 = Debug|Any CPU
		{F96ABC5F-3C9D-4130-8D66-64943C32D80F}.Release|Any CPU.ActiveCfg = Release|Any CPU
		{F96ABC5F-3C9D-4130-8D66-64943C32D80F}.Release|Any CPU.Build.0 = Release|Any CPU
		{69CC8DBF-13CB-42F0-AB2C-50F9AFDD064B}.Debug|Any CPU.ActiveCfg = Debug|Any CPU
		{69CC8DBF-13CB-42F0-AB2C-50F9AFDD064B}.Debug|Any CPU.Build.0 = Debug|Any CPU
		{69CC8DBF-13CB-42F0-AB2C-50F9AFDD064B}.Release|Any CPU.ActiveCfg = Release|Any CPU
		{69CC8DBF-13CB-42F0-AB2C-50F9AFDD064B}.Release|Any CPU.Build.0 = Release|Any CPU
		{1545A7F7-843C-4004-92E6-93FE7BD9DFE3}.Debug|Any CPU.ActiveCfg = Debug|Any CPU
		{1545A7F7-843C-4004-92E6-93FE7BD9DFE3}.Debug|Any CPU.Build.0 = Debug|Any CPU
		{1545A7F7-843C-4004-92E6-93FE7BD9DFE3}.Release|Any CPU.ActiveCfg = Release|Any CPU
		{1545A7F7-843C-4004-92E6-93FE7BD9DFE3}.Release|Any CPU.Build.0 = Release|Any CPU
		{42988E20-90F5-4B1F-B837-9242676FA60B}.Debug|Any CPU.ActiveCfg = Debug|Any CPU
		{42988E20-90F5-4B1F-B837-9242676FA60B}.Debug|Any CPU.Build.0 = Debug|Any CPU
		{42988E20-90F5-4B1F-B837-9242676FA60B}.Release|Any CPU.ActiveCfg = Release|Any CPU
		{42988E20-90F5-4B1F-B837-9242676FA60B}.Release|Any CPU.Build.0 = Release|Any CPU
	EndGlobalSection
EndGlobal
